// !$*UTF8*$!
{
	archiveVersion = 1;
	classes = {
	};
	objectVersion = 55;
	objects = {

/* Begin PBXBuildFile section */
		1A119B9128EDE2450088F9CB /* AppDelegate.swift in Sources */ = {isa = PBXBuildFile; fileRef = 1A119B9028EDE2450088F9CB /* AppDelegate.swift */; };
		1A119B9328EDE2450088F9CB /* SceneDelegate.swift in Sources */ = {isa = PBXBuildFile; fileRef = 1A119B9228EDE2450088F9CB /* SceneDelegate.swift */; };
		1A119B9528EDE2450088F9CB /* ViewController.swift in Sources */ = {isa = PBXBuildFile; fileRef = 1A119B9428EDE2450088F9CB /* ViewController.swift */; };
		1A119B9828EDE2450088F9CB /* Main.storyboard in Resources */ = {isa = PBXBuildFile; fileRef = 1A119B9628EDE2450088F9CB /* Main.storyboard */; };
		1A119B9A28EDE2470088F9CB /* Assets.xcassets in Resources */ = {isa = PBXBuildFile; fileRef = 1A119B9928EDE2470088F9CB /* Assets.xcassets */; };
		1A119B9D28EDE2470088F9CB /* LaunchScreen.storyboard in Resources */ = {isa = PBXBuildFile; fileRef = 1A119B9B28EDE2470088F9CB /* LaunchScreen.storyboard */; };
		1A119BA728EDE2FB0088F9CB /* CropBoxLockedAspectFrameUpdater.swift in Sources */ = {isa = PBXBuildFile; fileRef = 1A119BA528EDE2FB0088F9CB /* CropBoxLockedAspectFrameUpdater.swift */; };
		1A119BA828EDE2FB0088F9CB /* CropBoxFreeAspectFrameUpdater.swift in Sources */ = {isa = PBXBuildFile; fileRef = 1A119BA628EDE2FB0088F9CB /* CropBoxFreeAspectFrameUpdater.swift */; };
		1A119BB228EDE3120088F9CB /* CropScrollView.swift in Sources */ = {isa = PBXBuildFile; fileRef = 1A119BA928EDE3110088F9CB /* CropScrollView.swift */; };
		1A119BB328EDE3120088F9CB /* CropView+Touches.swift in Sources */ = {isa = PBXBuildFile; fileRef = 1A119BAA28EDE3110088F9CB /* CropView+Touches.swift */; };
		1A119BB428EDE3120088F9CB /* CropView.swift in Sources */ = {isa = PBXBuildFile; fileRef = 1A119BAB28EDE3110088F9CB /* CropView.swift */; };
		1A119BB528EDE3120088F9CB /* CropView+UIScrollViewDelegate.swift in Sources */ = {isa = PBXBuildFile; fileRef = 1A119BAC28EDE3110088F9CB /* CropView+UIScrollViewDelegate.swift */; };
		1A119BB628EDE3120088F9CB /* CropOverlayView.swift in Sources */ = {isa = PBXBuildFile; fileRef = 1A119BAD28EDE3110088F9CB /* CropOverlayView.swift */; };
		1A119BB728EDE3120088F9CB /* CropViewModel.swift in Sources */ = {isa = PBXBuildFile; fileRef = 1A119BAE28EDE3110088F9CB /* CropViewModel.swift */; };
		1A119BB828EDE3120088F9CB /* CropViewStatus.swift in Sources */ = {isa = PBXBuildFile; fileRef = 1A119BAF28EDE3120088F9CB /* CropViewStatus.swift */; };
		1A119BB928EDE3120088F9CB /* ImageContainer.swift in Sources */ = {isa = PBXBuildFile; fileRef = 1A119BB028EDE3120088F9CB /* ImageContainer.swift */; };
		1A119BBA28EDE3120088F9CB /* CropMaskViewManager.swift in Sources */ = {isa = PBXBuildFile; fileRef = 1A119BB128EDE3120088F9CB /* CropMaskViewManager.swift */; };
		1A119BBD28EDE34E0088F9CB /* GeometryHelper.swift in Sources */ = {isa = PBXBuildFile; fileRef = 1A119BBC28EDE34E0088F9CB /* GeometryHelper.swift */; };
		1A119BC128EDE3B50088F9CB /* DGCropImage.swift in Sources */ = {isa = PBXBuildFile; fileRef = 1A119BC028EDE3B50088F9CB /* DGCropImage.swift */; };
		1A119BC328EDE3F90088F9CB /* RatioOptions.swift in Sources */ = {isa = PBXBuildFile; fileRef = 1A119BC228EDE3F90088F9CB /* RatioOptions.swift */; };
		1A119BC528EDE40F0088F9CB /* ToolbarButtonOptions.swift in Sources */ = {isa = PBXBuildFile; fileRef = 1A119BC428EDE40F0088F9CB /* ToolbarButtonOptions.swift */; };
		1A119BCA28EDE4EE0088F9CB /* CropVisualEffectView.swift in Sources */ = {isa = PBXBuildFile; fileRef = 1A119BC728EDE4EE0088F9CB /* CropVisualEffectView.swift */; };
		1A119BCB28EDE4EE0088F9CB /* CropDimmingView.swift in Sources */ = {isa = PBXBuildFile; fileRef = 1A119BC828EDE4EE0088F9CB /* CropDimmingView.swift */; };
		1A119BCC28EDE4EE0088F9CB /* CropMaskProtocol.swift in Sources */ = {isa = PBXBuildFile; fileRef = 1A119BC928EDE4EE0088F9CB /* CropMaskProtocol.swift */; };
		1A119BD128EDE50D0088F9CB /* CGImageExtensions.swift in Sources */ = {isa = PBXBuildFile; fileRef = 1A119BCE28EDE50D0088F9CB /* CGImageExtensions.swift */; };
		1A119BD228EDE50D0088F9CB /* UIImageExtensions.swift in Sources */ = {isa = PBXBuildFile; fileRef = 1A119BCF28EDE50D0088F9CB /* UIImageExtensions.swift */; };
		1A119BD328EDE50D0088F9CB /* CoreGraphicsExtensions.swift in Sources */ = {isa = PBXBuildFile; fileRef = 1A119BD028EDE50D0088F9CB /* CoreGraphicsExtensions.swift */; };
		1A119BDE28EDE5350088F9CB /* CGAngel.swift in Sources */ = {isa = PBXBuildFile; fileRef = 1A119BD728EDE5350088F9CB /* CGAngel.swift */; };
		1A119BEC28EDE55C0088F9CB /* CropToolbar.swift in Sources */ = {isa = PBXBuildFile; fileRef = 1A119BE428EDE55C0088F9CB /* CropToolbar.swift */; };
		1A119BED28EDE55C0088F9CB /* RatioType.swift in Sources */ = {isa = PBXBuildFile; fileRef = 1A119BE528EDE55C0088F9CB /* RatioType.swift */; };
		1A119BEE28EDE55C0088F9CB /* FixedRatioManager.swift in Sources */ = {isa = PBXBuildFile; fileRef = 1A119BE628EDE55C0088F9CB /* FixedRatioManager.swift */; };
		1A119BF028EDE55C0088F9CB /* RatioSelector.swift in Sources */ = {isa = PBXBuildFile; fileRef = 1A119BE828EDE55C0088F9CB /* RatioSelector.swift */; };
		1A119BF128EDE55C0088F9CB /* CropViewController.swift in Sources */ = {isa = PBXBuildFile; fileRef = 1A119BE928EDE55C0088F9CB /* CropViewController.swift */; };
		1A119BF228EDE55C0088F9CB /* RatioItemView.swift in Sources */ = {isa = PBXBuildFile; fileRef = 1A119BEA28EDE55C0088F9CB /* RatioItemView.swift */; };
		1A119BF328EDE55C0088F9CB /* CropToolbarProtocol.swift in Sources */ = {isa = PBXBuildFile; fileRef = 1A119BEB28EDE55C0088F9CB /* CropToolbarProtocol.swift */; };
		1A119BFF28EF38C20088F9CB /* CalcuteFunctions.swift in Sources */ = {isa = PBXBuildFile; fileRef = 1A119BFA28EF38C20088F9CB /* CalcuteFunctions.swift */; };
		1A119C0028EF38C20088F9CB /* AdjustToFitFontOrWidth.swift in Sources */ = {isa = PBXBuildFile; fileRef = 1A119BFB28EF38C20088F9CB /* AdjustToFitFontOrWidth.swift */; };
		1A119C0128EF38C20088F9CB /* JLStickerImageView.swift in Sources */ = {isa = PBXBuildFile; fileRef = 1A119BFC28EF38C20088F9CB /* JLStickerImageView.swift */; };
		1A119C0228EF38C20088F9CB /* JLAttributedTextView.swift in Sources */ = {isa = PBXBuildFile; fileRef = 1A119BFD28EF38C20088F9CB /* JLAttributedTextView.swift */; };
		1A119C0328EF38C20088F9CB /* JLStickerLabelView.swift in Sources */ = {isa = PBXBuildFile; fileRef = 1A119BFE28EF38C20088F9CB /* JLStickerLabelView.swift */; };
		1A119C0628EF39440088F9CB /* DrawTextViewController.swift in Sources */ = {isa = PBXBuildFile; fileRef = 1A119C0428EF39440088F9CB /* DrawTextViewController.swift */; };
		1A119C0728EF39440088F9CB /* DrawTextViewController.xib in Resources */ = {isa = PBXBuildFile; fileRef = 1A119C0528EF39440088F9CB /* DrawTextViewController.xib */; };
		1A119C0B28EFCC490088F9CB /* SelectFontViewController.swift in Sources */ = {isa = PBXBuildFile; fileRef = 1A119C0928EFCC490088F9CB /* SelectFontViewController.swift */; };
		1A119C0C28EFCC490088F9CB /* SelectFontViewController.xib in Resources */ = {isa = PBXBuildFile; fileRef = 1A119C0A28EFCC490088F9CB /* SelectFontViewController.xib */; };
/* End PBXBuildFile section */

/* Begin PBXFileReference section */
		1A119B8D28EDE2450088F9CB /* TestIsolate.app */ = {isa = PBXFileReference; explicitFileType = wrapper.application; includeInIndex = 0; path = TestIsolate.app; sourceTree = BUILT_PRODUCTS_DIR; };
		1A119B9028EDE2450088F9CB /* AppDelegate.swift */ = {isa = PBXFileReference; lastKnownFileType = sourcecode.swift; path = AppDelegate.swift; sourceTree = "<group>"; };
		1A119B9228EDE2450088F9CB /* SceneDelegate.swift */ = {isa = PBXFileReference; lastKnownFileType = sourcecode.swift; path = SceneDelegate.swift; sourceTree = "<group>"; };
		1A119B9428EDE2450088F9CB /* ViewController.swift */ = {isa = PBXFileReference; lastKnownFileType = sourcecode.swift; path = ViewController.swift; sourceTree = "<group>"; };
		1A119B9728EDE2450088F9CB /* Base */ = {isa = PBXFileReference; lastKnownFileType = file.storyboard; name = Base; path = Base.lproj/Main.storyboard; sourceTree = "<group>"; };
		1A119B9928EDE2470088F9CB /* Assets.xcassets */ = {isa = PBXFileReference; lastKnownFileType = folder.assetcatalog; path = Assets.xcassets; sourceTree = "<group>"; };
		1A119B9C28EDE2470088F9CB /* Base */ = {isa = PBXFileReference; lastKnownFileType = file.storyboard; name = Base; path = Base.lproj/LaunchScreen.storyboard; sourceTree = "<group>"; };
		1A119B9E28EDE2470088F9CB /* Info.plist */ = {isa = PBXFileReference; lastKnownFileType = text.plist.xml; path = Info.plist; sourceTree = "<group>"; };
		1A119BA528EDE2FB0088F9CB /* CropBoxLockedAspectFrameUpdater.swift */ = {isa = PBXFileReference; fileEncoding = 4; lastKnownFileType = sourcecode.swift; path = CropBoxLockedAspectFrameUpdater.swift; sourceTree = "<group>"; };
		1A119BA628EDE2FB0088F9CB /* CropBoxFreeAspectFrameUpdater.swift */ = {isa = PBXFileReference; fileEncoding = 4; lastKnownFileType = sourcecode.swift; path = CropBoxFreeAspectFrameUpdater.swift; sourceTree = "<group>"; };
		1A119BA928EDE3110088F9CB /* CropScrollView.swift */ = {isa = PBXFileReference; fileEncoding = 4; lastKnownFileType = sourcecode.swift; path = CropScrollView.swift; sourceTree = "<group>"; };
		1A119BAA28EDE3110088F9CB /* CropView+Touches.swift */ = {isa = PBXFileReference; fileEncoding = 4; lastKnownFileType = sourcecode.swift; path = "CropView+Touches.swift"; sourceTree = "<group>"; };
		1A119BAB28EDE3110088F9CB /* CropView.swift */ = {isa = PBXFileReference; fileEncoding = 4; lastKnownFileType = sourcecode.swift; path = CropView.swift; sourceTree = "<group>"; };
		1A119BAC28EDE3110088F9CB /* CropView+UIScrollViewDelegate.swift */ = {isa = PBXFileReference; fileEncoding = 4; lastKnownFileType = sourcecode.swift; path = "CropView+UIScrollViewDelegate.swift"; sourceTree = "<group>"; };
		1A119BAD28EDE3110088F9CB /* CropOverlayView.swift */ = {isa = PBXFileReference; fileEncoding = 4; lastKnownFileType = sourcecode.swift; path = CropOverlayView.swift; sourceTree = "<group>"; };
		1A119BAE28EDE3110088F9CB /* CropViewModel.swift */ = {isa = PBXFileReference; fileEncoding = 4; lastKnownFileType = sourcecode.swift; path = CropViewModel.swift; sourceTree = "<group>"; };
		1A119BAF28EDE3120088F9CB /* CropViewStatus.swift */ = {isa = PBXFileReference; fileEncoding = 4; lastKnownFileType = sourcecode.swift; path = CropViewStatus.swift; sourceTree = "<group>"; };
		1A119BB028EDE3120088F9CB /* ImageContainer.swift */ = {isa = PBXFileReference; fileEncoding = 4; lastKnownFileType = sourcecode.swift; path = ImageContainer.swift; sourceTree = "<group>"; };
		1A119BB128EDE3120088F9CB /* CropMaskViewManager.swift */ = {isa = PBXFileReference; fileEncoding = 4; lastKnownFileType = sourcecode.swift; path = CropMaskViewManager.swift; sourceTree = "<group>"; };
		1A119BBC28EDE34E0088F9CB /* GeometryHelper.swift */ = {isa = PBXFileReference; fileEncoding = 4; lastKnownFileType = sourcecode.swift; path = GeometryHelper.swift; sourceTree = "<group>"; };
		1A119BC028EDE3B50088F9CB /* DGCropImage.swift */ = {isa = PBXFileReference; fileEncoding = 4; lastKnownFileType = sourcecode.swift; path = DGCropImage.swift; sourceTree = "<group>"; };
		1A119BC228EDE3F90088F9CB /* RatioOptions.swift */ = {isa = PBXFileReference; fileEncoding = 4; lastKnownFileType = sourcecode.swift; path = RatioOptions.swift; sourceTree = "<group>"; };
		1A119BC428EDE40F0088F9CB /* ToolbarButtonOptions.swift */ = {isa = PBXFileReference; fileEncoding = 4; lastKnownFileType = sourcecode.swift; path = ToolbarButtonOptions.swift; sourceTree = "<group>"; };
		1A119BC728EDE4EE0088F9CB /* CropVisualEffectView.swift */ = {isa = PBXFileReference; fileEncoding = 4; lastKnownFileType = sourcecode.swift; path = CropVisualEffectView.swift; sourceTree = "<group>"; };
		1A119BC828EDE4EE0088F9CB /* CropDimmingView.swift */ = {isa = PBXFileReference; fileEncoding = 4; lastKnownFileType = sourcecode.swift; path = CropDimmingView.swift; sourceTree = "<group>"; };
		1A119BC928EDE4EE0088F9CB /* CropMaskProtocol.swift */ = {isa = PBXFileReference; fileEncoding = 4; lastKnownFileType = sourcecode.swift; path = CropMaskProtocol.swift; sourceTree = "<group>"; };
		1A119BCE28EDE50D0088F9CB /* CGImageExtensions.swift */ = {isa = PBXFileReference; fileEncoding = 4; lastKnownFileType = sourcecode.swift; path = CGImageExtensions.swift; sourceTree = "<group>"; };
		1A119BCF28EDE50D0088F9CB /* UIImageExtensions.swift */ = {isa = PBXFileReference; fileEncoding = 4; lastKnownFileType = sourcecode.swift; path = UIImageExtensions.swift; sourceTree = "<group>"; };
		1A119BD028EDE50D0088F9CB /* CoreGraphicsExtensions.swift */ = {isa = PBXFileReference; fileEncoding = 4; lastKnownFileType = sourcecode.swift; path = CoreGraphicsExtensions.swift; sourceTree = "<group>"; };
		1A119BD728EDE5350088F9CB /* CGAngel.swift */ = {isa = PBXFileReference; fileEncoding = 4; lastKnownFileType = sourcecode.swift; path = CGAngel.swift; sourceTree = "<group>"; };
		1A119BE428EDE55C0088F9CB /* CropToolbar.swift */ = {isa = PBXFileReference; fileEncoding = 4; lastKnownFileType = sourcecode.swift; path = CropToolbar.swift; sourceTree = "<group>"; };
		1A119BE528EDE55C0088F9CB /* RatioType.swift */ = {isa = PBXFileReference; fileEncoding = 4; lastKnownFileType = sourcecode.swift; path = RatioType.swift; sourceTree = "<group>"; };
		1A119BE628EDE55C0088F9CB /* FixedRatioManager.swift */ = {isa = PBXFileReference; fileEncoding = 4; lastKnownFileType = sourcecode.swift; path = FixedRatioManager.swift; sourceTree = "<group>"; };
		1A119BE828EDE55C0088F9CB /* RatioSelector.swift */ = {isa = PBXFileReference; fileEncoding = 4; lastKnownFileType = sourcecode.swift; path = RatioSelector.swift; sourceTree = "<group>"; };
		1A119BE928EDE55C0088F9CB /* CropViewController.swift */ = {isa = PBXFileReference; fileEncoding = 4; lastKnownFileType = sourcecode.swift; path = CropViewController.swift; sourceTree = "<group>"; };
		1A119BEA28EDE55C0088F9CB /* RatioItemView.swift */ = {isa = PBXFileReference; fileEncoding = 4; lastKnownFileType = sourcecode.swift; path = RatioItemView.swift; sourceTree = "<group>"; };
		1A119BEB28EDE55C0088F9CB /* CropToolbarProtocol.swift */ = {isa = PBXFileReference; fileEncoding = 4; lastKnownFileType = sourcecode.swift; path = CropToolbarProtocol.swift; sourceTree = "<group>"; };
		1A119BFA28EF38C20088F9CB /* CalcuteFunctions.swift */ = {isa = PBXFileReference; fileEncoding = 4; lastKnownFileType = sourcecode.swift; path = CalcuteFunctions.swift; sourceTree = "<group>"; };
		1A119BFB28EF38C20088F9CB /* AdjustToFitFontOrWidth.swift */ = {isa = PBXFileReference; fileEncoding = 4; lastKnownFileType = sourcecode.swift; path = AdjustToFitFontOrWidth.swift; sourceTree = "<group>"; };
		1A119BFC28EF38C20088F9CB /* JLStickerImageView.swift */ = {isa = PBXFileReference; fileEncoding = 4; lastKnownFileType = sourcecode.swift; path = JLStickerImageView.swift; sourceTree = "<group>"; };
		1A119BFD28EF38C20088F9CB /* JLAttributedTextView.swift */ = {isa = PBXFileReference; fileEncoding = 4; lastKnownFileType = sourcecode.swift; path = JLAttributedTextView.swift; sourceTree = "<group>"; };
		1A119BFE28EF38C20088F9CB /* JLStickerLabelView.swift */ = {isa = PBXFileReference; fileEncoding = 4; lastKnownFileType = sourcecode.swift; path = JLStickerLabelView.swift; sourceTree = "<group>"; };
		1A119C0428EF39440088F9CB /* DrawTextViewController.swift */ = {isa = PBXFileReference; lastKnownFileType = sourcecode.swift; path = DrawTextViewController.swift; sourceTree = "<group>"; };
		1A119C0528EF39440088F9CB /* DrawTextViewController.xib */ = {isa = PBXFileReference; lastKnownFileType = file.xib; path = DrawTextViewController.xib; sourceTree = "<group>"; };
		1A119C0928EFCC490088F9CB /* SelectFontViewController.swift */ = {isa = PBXFileReference; lastKnownFileType = sourcecode.swift; path = SelectFontViewController.swift; sourceTree = "<group>"; };
		1A119C0A28EFCC490088F9CB /* SelectFontViewController.xib */ = {isa = PBXFileReference; lastKnownFileType = file.xib; path = SelectFontViewController.xib; sourceTree = "<group>"; };
/* End PBXFileReference section */

/* Begin PBXFrameworksBuildPhase section */
		1A119B8A28EDE2450088F9CB /* Frameworks */ = {
			isa = PBXFrameworksBuildPhase;
			buildActionMask = 2147483647;
			files = (
			);
			runOnlyForDeploymentPostprocessing = 0;
		};
/* End PBXFrameworksBuildPhase section */

/* Begin PBXGroup section */
		1A119B8428EDE2450088F9CB = {
			isa = PBXGroup;
			children = (
				1A119B8F28EDE2450088F9CB /* TestIsolate */,
				1A119B8E28EDE2450088F9CB /* Products */,
			);
			sourceTree = "<group>";
		};
		1A119B8E28EDE2450088F9CB /* Products */ = {
			isa = PBXGroup;
			children = (
				1A119B8D28EDE2450088F9CB /* TestIsolate.app */,
			);
			name = Products;
			sourceTree = "<group>";
		};
		1A119B8F28EDE2450088F9CB /* TestIsolate */ = {
			isa = PBXGroup;
			children = (
				1A119C0828EF39E90088F9CB /* DrawingText */,
				1A119BD728EDE5350088F9CB /* CGAngel.swift */,
				1A119BE328EDE55C0088F9CB /* CropViewController */,
				1A119BC228EDE3F90088F9CB /* RatioOptions.swift */,
				1A119BC028EDE3B50088F9CB /* DGCropImage.swift */,
				1A119BBB28EDE34E0088F9CB /* Helpers */,
				1A119B9028EDE2450088F9CB /* AppDelegate.swift */,
				1A119B9228EDE2450088F9CB /* SceneDelegate.swift */,
				1A119B9428EDE2450088F9CB /* ViewController.swift */,
				1A119B9628EDE2450088F9CB /* Main.storyboard */,
				1A119B9928EDE2470088F9CB /* Assets.xcassets */,
				1A119B9B28EDE2470088F9CB /* LaunchScreen.storyboard */,
				1A119B9E28EDE2470088F9CB /* Info.plist */,
			);
			path = TestIsolate;
			sourceTree = "<group>";
		};
		1A119BA428EDE2D60088F9CB /* CropView */ = {
			isa = PBXGroup;
			children = (
				1A119BF428EDF0B70088F9CB /* Extensions */,
				1A119BAE28EDE3110088F9CB /* CropViewModel.swift */,
				1A119BAB28EDE3110088F9CB /* CropView.swift */,
				1A119BAD28EDE3110088F9CB /* CropOverlayView.swift */,
				1A119BA928EDE3110088F9CB /* CropScrollView.swift */,
				1A119BB028EDE3120088F9CB /* ImageContainer.swift */,
				1A119BAF28EDE3120088F9CB /* CropViewStatus.swift */,
				1A119BC628EDE4EE0088F9CB /* MaskBackground */,
				1A119BA628EDE2FB0088F9CB /* CropBoxFreeAspectFrameUpdater.swift */,
				1A119BA528EDE2FB0088F9CB /* CropBoxLockedAspectFrameUpdater.swift */,
			);
			path = CropView;
			sourceTree = "<group>";
		};
		1A119BBB28EDE34E0088F9CB /* Helpers */ = {
			isa = PBXGroup;
			children = (
				1A119BBC28EDE34E0088F9CB /* GeometryHelper.swift */,
			);
			path = Helpers;
			sourceTree = "<group>";
		};
		1A119BC628EDE4EE0088F9CB /* MaskBackground */ = {
			isa = PBXGroup;
			children = (
				1A119BB128EDE3120088F9CB /* CropMaskViewManager.swift */,
				1A119BC728EDE4EE0088F9CB /* CropVisualEffectView.swift */,
				1A119BC828EDE4EE0088F9CB /* CropDimmingView.swift */,
				1A119BC928EDE4EE0088F9CB /* CropMaskProtocol.swift */,
			);
			path = MaskBackground;
			sourceTree = "<group>";
		};
		1A119BCD28EDE50D0088F9CB /* Extensions */ = {
			isa = PBXGroup;
			children = (
				1A119BCE28EDE50D0088F9CB /* CGImageExtensions.swift */,
				1A119BCF28EDE50D0088F9CB /* UIImageExtensions.swift */,
				1A119BD028EDE50D0088F9CB /* CoreGraphicsExtensions.swift */,
			);
			path = Extensions;
			sourceTree = "<group>";
		};
		1A119BE328EDE55C0088F9CB /* CropViewController */ = {
			isa = PBXGroup;
			children = (
				1A119BCD28EDE50D0088F9CB /* Extensions */,
				1A119BF828EEA4920088F9CB /* Views */,
				1A119BE528EDE55C0088F9CB /* RatioType.swift */,
				1A119BE628EDE55C0088F9CB /* FixedRatioManager.swift */,
				1A119BE928EDE55C0088F9CB /* CropViewController.swift */,
			);
			path = CropViewController;
			sourceTree = "<group>";
		};
		1A119BF428EDF0B70088F9CB /* Extensions */ = {
			isa = PBXGroup;
			children = (
				1A119BAA28EDE3110088F9CB /* CropView+Touches.swift */,
				1A119BAC28EDE3110088F9CB /* CropView+UIScrollViewDelegate.swift */,
			);
			path = Extensions;
			sourceTree = "<group>";
		};
		1A119BF728EEA4660088F9CB /* CropToobar */ = {
			isa = PBXGroup;
			children = (
				1A119BE428EDE55C0088F9CB /* CropToolbar.swift */,
				1A119BEB28EDE55C0088F9CB /* CropToolbarProtocol.swift */,
				1A119BC428EDE40F0088F9CB /* ToolbarButtonOptions.swift */,
				1A119BEA28EDE55C0088F9CB /* RatioItemView.swift */,
			);
			path = CropToobar;
			sourceTree = "<group>";
		};
		1A119BF828EEA4920088F9CB /* Views */ = {
			isa = PBXGroup;
			children = (
				1A119BA428EDE2D60088F9CB /* CropView */,
				1A119BE828EDE55C0088F9CB /* RatioSelector.swift */,
				1A119BF728EEA4660088F9CB /* CropToobar */,
			);
			path = Views;
			sourceTree = "<group>";
		};
		1A119BF928EF389E0088F9CB /* StickerTextView */ = {
			isa = PBXGroup;
			children = (
				1A119BFB28EF38C20088F9CB /* AdjustToFitFontOrWidth.swift */,
				1A119BFA28EF38C20088F9CB /* CalcuteFunctions.swift */,
				1A119BFD28EF38C20088F9CB /* JLAttributedTextView.swift */,
				1A119BFC28EF38C20088F9CB /* JLStickerImageView.swift */,
				1A119BFE28EF38C20088F9CB /* JLStickerLabelView.swift */,
			);
			path = StickerTextView;
			sourceTree = "<group>";
		};
		1A119C0828EF39E90088F9CB /* DrawingText */ = {
			isa = PBXGroup;
			children = (
				1A119BF928EF389E0088F9CB /* StickerTextView */,
				1A119C0428EF39440088F9CB /* DrawTextViewController.swift */,
				1A119C0528EF39440088F9CB /* DrawTextViewController.xib */,
				1A119C0928EFCC490088F9CB /* SelectFontViewController.swift */,
				1A119C0A28EFCC490088F9CB /* SelectFontViewController.xib */,
			);
			path = DrawingText;
			sourceTree = "<group>";
		};
/* End PBXGroup section */

/* Begin PBXNativeTarget section */
		1A119B8C28EDE2450088F9CB /* TestIsolate */ = {
			isa = PBXNativeTarget;
			buildConfigurationList = 1A119BA128EDE2470088F9CB /* Build configuration list for PBXNativeTarget "TestIsolate" */;
			buildPhases = (
				1A119B8928EDE2450088F9CB /* Sources */,
				1A119B8A28EDE2450088F9CB /* Frameworks */,
				1A119B8B28EDE2450088F9CB /* Resources */,
			);
			buildRules = (
			);
			dependencies = (
			);
			name = TestIsolate;
			productName = TestIsolate;
			productReference = 1A119B8D28EDE2450088F9CB /* TestIsolate.app */;
			productType = "com.apple.product-type.application";
		};
/* End PBXNativeTarget section */

/* Begin PBXProject section */
		1A119B8528EDE2450088F9CB /* Project object */ = {
			isa = PBXProject;
			attributes = {
				BuildIndependentTargetsInParallel = 1;
				LastSwiftUpdateCheck = 1340;
				LastUpgradeCheck = 1340;
				TargetAttributes = {
					1A119B8C28EDE2450088F9CB = {
						CreatedOnToolsVersion = 13.4.1;
					};
				};
			};
			buildConfigurationList = 1A119B8828EDE2450088F9CB /* Build configuration list for PBXProject "TestIsolate" */;
			compatibilityVersion = "Xcode 13.0";
			developmentRegion = en;
			hasScannedForEncodings = 0;
			knownRegions = (
				en,
				Base,
			);
			mainGroup = 1A119B8428EDE2450088F9CB;
			productRefGroup = 1A119B8E28EDE2450088F9CB /* Products */;
			projectDirPath = "";
			projectRoot = "";
			targets = (
				1A119B8C28EDE2450088F9CB /* TestIsolate */,
			);
		};
/* End PBXProject section */

/* Begin PBXResourcesBuildPhase section */
		1A119B8B28EDE2450088F9CB /* Resources */ = {
			isa = PBXResourcesBuildPhase;
			buildActionMask = 2147483647;
			files = (
				1A119B9D28EDE2470088F9CB /* LaunchScreen.storyboard in Resources */,
				1A119C0728EF39440088F9CB /* DrawTextViewController.xib in Resources */,
				1A119B9A28EDE2470088F9CB /* Assets.xcassets in Resources */,
				1A119C0C28EFCC490088F9CB /* SelectFontViewController.xib in Resources */,
				1A119B9828EDE2450088F9CB /* Main.storyboard in Resources */,
			);
			runOnlyForDeploymentPostprocessing = 0;
		};
/* End PBXResourcesBuildPhase section */

/* Begin PBXSourcesBuildPhase section */
		1A119B8928EDE2450088F9CB /* Sources */ = {
			isa = PBXSourcesBuildPhase;
			buildActionMask = 2147483647;
			files = (
				1A119BF128EDE55C0088F9CB /* CropViewController.swift in Sources */,
				1A119BC328EDE3F90088F9CB /* RatioOptions.swift in Sources */,
				1A119BDE28EDE5350088F9CB /* CGAngel.swift in Sources */,
				1A119BCA28EDE4EE0088F9CB /* CropVisualEffectView.swift in Sources */,
				1A119BB428EDE3120088F9CB /* CropView.swift in Sources */,
				1A119BD328EDE50D0088F9CB /* CoreGraphicsExtensions.swift in Sources */,
				1A119BF028EDE55C0088F9CB /* RatioSelector.swift in Sources */,
				1A119C0628EF39440088F9CB /* DrawTextViewController.swift in Sources */,
				1A119BD228EDE50D0088F9CB /* UIImageExtensions.swift in Sources */,
				1A119C0028EF38C20088F9CB /* AdjustToFitFontOrWidth.swift in Sources */,
				1A119BB928EDE3120088F9CB /* ImageContainer.swift in Sources */,
				1A119BBA28EDE3120088F9CB /* CropMaskViewManager.swift in Sources */,
				1A119BF328EDE55C0088F9CB /* CropToolbarProtocol.swift in Sources */,
				1A119BB628EDE3120088F9CB /* CropOverlayView.swift in Sources */,
				1A119B9528EDE2450088F9CB /* ViewController.swift in Sources */,
				1A119C0328EF38C20088F9CB /* JLStickerLabelView.swift in Sources */,
				1A119C0B28EFCC490088F9CB /* SelectFontViewController.swift in Sources */,
				1A119BED28EDE55C0088F9CB /* RatioType.swift in Sources */,
				1A119BCC28EDE4EE0088F9CB /* CropMaskProtocol.swift in Sources */,
				1A119BEC28EDE55C0088F9CB /* CropToolbar.swift in Sources */,
				1A119BEE28EDE55C0088F9CB /* FixedRatioManager.swift in Sources */,
				1A119BF228EDE55C0088F9CB /* RatioItemView.swift in Sources */,
				1A119BCB28EDE4EE0088F9CB /* CropDimmingView.swift in Sources */,
				1A119BBD28EDE34E0088F9CB /* GeometryHelper.swift in Sources */,
				1A119B9128EDE2450088F9CB /* AppDelegate.swift in Sources */,
				1A119B9328EDE2450088F9CB /* SceneDelegate.swift in Sources */,
				1A119C0228EF38C20088F9CB /* JLAttributedTextView.swift in Sources */,
				1A119BB728EDE3120088F9CB /* CropViewModel.swift in Sources */,
				1A119BB828EDE3120088F9CB /* CropViewStatus.swift in Sources */,
				1A119BB528EDE3120088F9CB /* CropView+UIScrollViewDelegate.swift in Sources */,
				1A119BB228EDE3120088F9CB /* CropScrollView.swift in Sources */,
				1A119C0128EF38C20088F9CB /* JLStickerImageView.swift in Sources */,
				1A119BD128EDE50D0088F9CB /* CGImageExtensions.swift in Sources */,
				1A119BA828EDE2FB0088F9CB /* CropBoxFreeAspectFrameUpdater.swift in Sources */,
				1A119BC128EDE3B50088F9CB /* DGCropImage.swift in Sources */,
				1A119BC528EDE40F0088F9CB /* ToolbarButtonOptions.swift in Sources */,
				1A119BA728EDE2FB0088F9CB /* CropBoxLockedAspectFrameUpdater.swift in Sources */,
				1A119BB328EDE3120088F9CB /* CropView+Touches.swift in Sources */,
				1A119BFF28EF38C20088F9CB /* CalcuteFunctions.swift in Sources */,
			);
			runOnlyForDeploymentPostprocessing = 0;
		};
/* End PBXSourcesBuildPhase section */

/* Begin PBXVariantGroup section */
		1A119B9628EDE2450088F9CB /* Main.storyboard */ = {
			isa = PBXVariantGroup;
			children = (
				1A119B9728EDE2450088F9CB /* Base */,
			);
			name = Main.storyboard;
			sourceTree = "<group>";
		};
		1A119B9B28EDE2470088F9CB /* LaunchScreen.storyboard */ = {
			isa = PBXVariantGroup;
			children = (
				1A119B9C28EDE2470088F9CB /* Base */,
			);
			name = LaunchScreen.storyboard;
			sourceTree = "<group>";
		};
/* End PBXVariantGroup section */

/* Begin XCBuildConfiguration section */
		1A119B9F28EDE2470088F9CB /* Debug */ = {
			isa = XCBuildConfiguration;
			buildSettings = {
				ALWAYS_SEARCH_USER_PATHS = NO;
				CLANG_ANALYZER_NONNULL = YES;
				CLANG_ANALYZER_NUMBER_OBJECT_CONVERSION = YES_AGGRESSIVE;
				CLANG_CXX_LANGUAGE_STANDARD = "gnu++17";
				CLANG_ENABLE_MODULES = YES;
				CLANG_ENABLE_OBJC_ARC = YES;
				CLANG_ENABLE_OBJC_WEAK = YES;
				CLANG_WARN_BLOCK_CAPTURE_AUTORELEASING = YES;
				CLANG_WARN_BOOL_CONVERSION = YES;
				CLANG_WARN_COMMA = YES;
				CLANG_WARN_CONSTANT_CONVERSION = YES;
				CLANG_WARN_DEPRECATED_OBJC_IMPLEMENTATIONS = YES;
				CLANG_WARN_DIRECT_OBJC_ISA_USAGE = YES_ERROR;
				CLANG_WARN_DOCUMENTATION_COMMENTS = YES;
				CLANG_WARN_EMPTY_BODY = YES;
				CLANG_WARN_ENUM_CONVERSION = YES;
				CLANG_WARN_INFINITE_RECURSION = YES;
				CLANG_WARN_INT_CONVERSION = YES;
				CLANG_WARN_NON_LITERAL_NULL_CONVERSION = YES;
				CLANG_WARN_OBJC_IMPLICIT_RETAIN_SELF = YES;
				CLANG_WARN_OBJC_LITERAL_CONVERSION = YES;
				CLANG_WARN_OBJC_ROOT_CLASS = YES_ERROR;
				CLANG_WARN_QUOTED_INCLUDE_IN_FRAMEWORK_HEADER = YES;
				CLANG_WARN_RANGE_LOOP_ANALYSIS = YES;
				CLANG_WARN_STRICT_PROTOTYPES = YES;
				CLANG_WARN_SUSPICIOUS_MOVE = YES;
				CLANG_WARN_UNGUARDED_AVAILABILITY = YES_AGGRESSIVE;
				CLANG_WARN_UNREACHABLE_CODE = YES;
				CLANG_WARN__DUPLICATE_METHOD_MATCH = YES;
				COPY_PHASE_STRIP = NO;
				DEBUG_INFORMATION_FORMAT = dwarf;
				ENABLE_STRICT_OBJC_MSGSEND = YES;
				ENABLE_TESTABILITY = YES;
				GCC_C_LANGUAGE_STANDARD = gnu11;
				GCC_DYNAMIC_NO_PIC = NO;
				GCC_NO_COMMON_BLOCKS = YES;
				GCC_OPTIMIZATION_LEVEL = 0;
				GCC_PREPROCESSOR_DEFINITIONS = (
					"DEBUG=1",
					"$(inherited)",
				);
				GCC_WARN_64_TO_32_BIT_CONVERSION = YES;
				GCC_WARN_ABOUT_RETURN_TYPE = YES_ERROR;
				GCC_WARN_UNDECLARED_SELECTOR = YES;
				GCC_WARN_UNINITIALIZED_AUTOS = YES_AGGRESSIVE;
				GCC_WARN_UNUSED_FUNCTION = YES;
				GCC_WARN_UNUSED_VARIABLE = YES;
				IPHONEOS_DEPLOYMENT_TARGET = 15.5;
				MTL_ENABLE_DEBUG_INFO = INCLUDE_SOURCE;
				MTL_FAST_MATH = YES;
				ONLY_ACTIVE_ARCH = YES;
				SDKROOT = iphoneos;
				SWIFT_ACTIVE_COMPILATION_CONDITIONS = DEBUG;
				SWIFT_OPTIMIZATION_LEVEL = "-Onone";
			};
			name = Debug;
		};
		1A119BA028EDE2470088F9CB /* Release */ = {
			isa = XCBuildConfiguration;
			buildSettings = {
				ALWAYS_SEARCH_USER_PATHS = NO;
				CLANG_ANALYZER_NONNULL = YES;
				CLANG_ANALYZER_NUMBER_OBJECT_CONVERSION = YES_AGGRESSIVE;
				CLANG_CXX_LANGUAGE_STANDARD = "gnu++17";
				CLANG_ENABLE_MODULES = YES;
				CLANG_ENABLE_OBJC_ARC = YES;
				CLANG_ENABLE_OBJC_WEAK = YES;
				CLANG_WARN_BLOCK_CAPTURE_AUTORELEASING = YES;
				CLANG_WARN_BOOL_CONVERSION = YES;
				CLANG_WARN_COMMA = YES;
				CLANG_WARN_CONSTANT_CONVERSION = YES;
				CLANG_WARN_DEPRECATED_OBJC_IMPLEMENTATIONS = YES;
				CLANG_WARN_DIRECT_OBJC_ISA_USAGE = YES_ERROR;
				CLANG_WARN_DOCUMENTATION_COMMENTS = YES;
				CLANG_WARN_EMPTY_BODY = YES;
				CLANG_WARN_ENUM_CONVERSION = YES;
				CLANG_WARN_INFINITE_RECURSION = YES;
				CLANG_WARN_INT_CONVERSION = YES;
				CLANG_WARN_NON_LITERAL_NULL_CONVERSION = YES;
				CLANG_WARN_OBJC_IMPLICIT_RETAIN_SELF = YES;
				CLANG_WARN_OBJC_LITERAL_CONVERSION = YES;
				CLANG_WARN_OBJC_ROOT_CLASS = YES_ERROR;
				CLANG_WARN_QUOTED_INCLUDE_IN_FRAMEWORK_HEADER = YES;
				CLANG_WARN_RANGE_LOOP_ANALYSIS = YES;
				CLANG_WARN_STRICT_PROTOTYPES = YES;
				CLANG_WARN_SUSPICIOUS_MOVE = YES;
				CLANG_WARN_UNGUARDED_AVAILABILITY = YES_AGGRESSIVE;
				CLANG_WARN_UNREACHABLE_CODE = YES;
				CLANG_WARN__DUPLICATE_METHOD_MATCH = YES;
				COPY_PHASE_STRIP = NO;
				DEBUG_INFORMATION_FORMAT = "dwarf-with-dsym";
				ENABLE_NS_ASSERTIONS = NO;
				ENABLE_STRICT_OBJC_MSGSEND = YES;
				GCC_C_LANGUAGE_STANDARD = gnu11;
				GCC_NO_COMMON_BLOCKS = YES;
				GCC_WARN_64_TO_32_BIT_CONVERSION = YES;
				GCC_WARN_ABOUT_RETURN_TYPE = YES_ERROR;
				GCC_WARN_UNDECLARED_SELECTOR = YES;
				GCC_WARN_UNINITIALIZED_AUTOS = YES_AGGRESSIVE;
				GCC_WARN_UNUSED_FUNCTION = YES;
				GCC_WARN_UNUSED_VARIABLE = YES;
				IPHONEOS_DEPLOYMENT_TARGET = 15.5;
				MTL_ENABLE_DEBUG_INFO = NO;
				MTL_FAST_MATH = YES;
				SDKROOT = iphoneos;
				SWIFT_COMPILATION_MODE = wholemodule;
				SWIFT_OPTIMIZATION_LEVEL = "-O";
				VALIDATE_PRODUCT = YES;
			};
			name = Release;
		};
		1A119BA228EDE2470088F9CB /* Debug */ = {
			isa = XCBuildConfiguration;
			buildSettings = {
				ASSETCATALOG_COMPILER_APPICON_NAME = AppIcon;
				ASSETCATALOG_COMPILER_GLOBAL_ACCENT_COLOR_NAME = AccentColor;
				CODE_SIGN_STYLE = Automatic;
				CURRENT_PROJECT_VERSION = 1;
				DEVELOPMENT_TEAM = 4AV27WRT73;
				GENERATE_INFOPLIST_FILE = YES;
				INFOPLIST_FILE = TestIsolate/Info.plist;
				INFOPLIST_KEY_UIApplicationSupportsIndirectInputEvents = YES;
				INFOPLIST_KEY_UILaunchStoryboardName = LaunchScreen;
				INFOPLIST_KEY_UIMainStoryboardFile = Main;
				INFOPLIST_KEY_UISupportedInterfaceOrientations_iPad = "UIInterfaceOrientationPortrait UIInterfaceOrientationPortraitUpsideDown UIInterfaceOrientationLandscapeLeft UIInterfaceOrientationLandscapeRight";
				INFOPLIST_KEY_UISupportedInterfaceOrientations_iPhone = "UIInterfaceOrientationPortrait UIInterfaceOrientationLandscapeLeft UIInterfaceOrientationLandscapeRight";
				IPHONEOS_DEPLOYMENT_TARGET = 11.0;
				LD_RUNPATH_SEARCH_PATHS = (
					"$(inherited)",
					"@executable_path/Frameworks",
				);
				MARKETING_VERSION = 1.0;
				PRODUCT_BUNDLE_IDENTIFIER = com.khangle99.TestIsolate;
				PRODUCT_NAME = "$(TARGET_NAME)";
				SWIFT_EMIT_LOC_STRINGS = YES;
				SWIFT_VERSION = 5.0;
				TARGETED_DEVICE_FAMILY = "1,2";
			};
			name = Debug;
		};
		1A119BA328EDE2470088F9CB /* Release */ = {
			isa = XCBuildConfiguration;
			buildSettings = {
				ASSETCATALOG_COMPILER_APPICON_NAME = AppIcon;
				ASSETCATALOG_COMPILER_GLOBAL_ACCENT_COLOR_NAME = AccentColor;
				CODE_SIGN_STYLE = Automatic;
				CURRENT_PROJECT_VERSION = 1;
				DEVELOPMENT_TEAM = 4AV27WRT73;
				GENERATE_INFOPLIST_FILE = YES;
				INFOPLIST_FILE = TestIsolate/Info.plist;
				INFOPLIST_KEY_UIApplicationSupportsIndirectInputEvents = YES;
				INFOPLIST_KEY_UILaunchStoryboardName = LaunchScreen;
				INFOPLIST_KEY_UIMainStoryboardFile = Main;
				INFOPLIST_KEY_UISupportedInterfaceOrientations_iPad = "UIInterfaceOrientationPortrait UIInterfaceOrientationPortraitUpsideDown UIInterfaceOrientationLandscapeLeft UIInterfaceOrientationLandscapeRight";
				INFOPLIST_KEY_UISupportedInterfaceOrientations_iPhone = "UIInterfaceOrientationPortrait UIInterfaceOrientationLandscapeLeft UIInterfaceOrientationLandscapeRight";
				IPHONEOS_DEPLOYMENT_TARGET = 11.0;
				LD_RUNPATH_SEARCH_PATHS = (
					"$(inherited)",
					"@executable_path/Frameworks",
				);
				MARKETING_VERSION = 1.0;
				PRODUCT_BUNDLE_IDENTIFIER = com.khangle99.TestIsolate;
				PRODUCT_NAME = "$(TARGET_NAME)";
				SWIFT_EMIT_LOC_STRINGS = YES;
				SWIFT_VERSION = 5.0;
				TARGETED_DEVICE_FAMILY = "1,2";
			};
			name = Release;
		};
/* End XCBuildConfiguration section */

/* Begin XCConfigurationList section */
		1A119B8828EDE2450088F9CB /* Build configuration list for PBXProject "TestIsolate" */ = {
			isa = XCConfigurationList;
			buildConfigurations = (
				1A119B9F28EDE2470088F9CB /* Debug */,
				1A119BA028EDE2470088F9CB /* Release */,
			);
			defaultConfigurationIsVisible = 0;
			defaultConfigurationName = Release;
		};
		1A119BA128EDE2470088F9CB /* Build configuration list for PBXNativeTarget "TestIsolate" */ = {
			isa = XCConfigurationList;
			buildConfigurations = (
				1A119BA228EDE2470088F9CB /* Debug */,
				1A119BA328EDE2470088F9CB /* Release */,
			);
			defaultConfigurationIsVisible = 0;
			defaultConfigurationName = Release;
		};
/* End XCConfigurationList section */
	};
	rootObject = 1A119B8528EDE2450088F9CB /* Project object */;
}
